// !$*UTF8*$!
{
	archiveVersion = 1;
	classes = {
	};
	objectVersion = 50;
	objects = {

/* Begin PBXBuildFile section */
		047BC66323CDD1A500D99B1D /* AppDelegate.m in Sources */ = {isa = PBXBuildFile; fileRef = 047BC66223CDD1A500D99B1D /* AppDelegate.m */; };
		047BC66623CDD1A500D99B1D /* SceneDelegate.m in Sources */ = {isa = PBXBuildFile; fileRef = 047BC66523CDD1A500D99B1D /* SceneDelegate.m */; };
		047BC66923CDD1A500D99B1D /* ViewController.m in Sources */ = {isa = PBXBuildFile; fileRef = 047BC66823CDD1A500D99B1D /* ViewController.m */; };
		047BC66C23CDD1A500D99B1D /* Main.storyboard in Resources */ = {isa = PBXBuildFile; fileRef = 047BC66A23CDD1A500D99B1D /* Main.storyboard */; };
		047BC66E23CDD1A600D99B1D /* Assets.xcassets in Resources */ = {isa = PBXBuildFile; fileRef = 047BC66D23CDD1A600D99B1D /* Assets.xcassets */; };
		047BC67123CDD1A600D99B1D /* LaunchScreen.storyboard in Resources */ = {isa = PBXBuildFile; fileRef = 047BC66F23CDD1A600D99B1D /* LaunchScreen.storyboard */; };
		047BC67423CDD1A600D99B1D /* main.m in Sources */ = {isa = PBXBuildFile; fileRef = 047BC67323CDD1A600D99B1D /* main.m */; };
		047BC67C23CDD2F500D99B1D /* SPermenantThread.m in Sources */ = {isa = PBXBuildFile; fileRef = 047BC67B23CDD2F500D99B1D /* SPermenantThread.m */; };
/* End PBXBuildFile section */

/* Begin PBXFileReference section */
		047BC65E23CDD1A500D99B1D /* PermenantThread-C.app */ = {isa = PBXFileReference; explicitFileType = wrapper.application; includeInIndex = 0; path = "PermenantThread-C.app"; sourceTree = BUILT_PRODUCTS_DIR; };
		047BC66123CDD1A500D99B1D /* AppDelegate.h */ = {isa = PBXFileReference; lastKnownFileType = sourcecode.c.h; path = AppDelegate.h; sourceTree = "<group>"; };
		047BC66223CDD1A500D99B1D /* AppDelegate.m */ = {isa = PBXFileReference; lastKnownFileType = sourcecode.c.objc; path = AppDelegate.m; sourceTree = "<group>"; };
		047BC66423CDD1A500D99B1D /* SceneDelegate.h */ = {isa = PBXFileReference; lastKnownFileType = sourcecode.c.h; path = SceneDelegate.h; sourceTree = "<group>"; };
		047BC66523CDD1A500D99B1D /* SceneDelegate.m */ = {isa = PBXFileReference; lastKnownFileType = sourcecode.c.objc; path = SceneDelegate.m; sourceTree = "<group>"; };
		047BC66723CDD1A500D99B1D /* ViewController.h */ = {isa = PBXFileReference; lastKnownFileType = sourcecode.c.h; path = ViewController.h; sourceTree = "<group>"; };
		047BC66823CDD1A500D99B1D /* ViewController.m */ = {isa = PBXFileReference; lastKnownFileType = sourcecode.c.objc; path = ViewController.m; sourceTree = "<group>"; };
		047BC66B23CDD1A500D99B1D /* Base */ = {isa = PBXFileReference; lastKnownFileType = file.storyboard; name = Base; path = Base.lproj/Main.storyboard; sourceTree = "<group>"; };
		047BC66D23CDD1A600D99B1D /* Assets.xcassets */ = {isa = PBXFileReference; lastKnownFileType = folder.assetcatalog; path = Assets.xcassets; sourceTree = "<group>"; };
		047BC67023CDD1A600D99B1D /* Base */ = {isa = PBXFileReference; lastKnownFileType = file.storyboard; name = Base; path = Base.lproj/LaunchScreen.storyboard; sourceTree = "<group>"; };
		047BC67223CDD1A600D99B1D /* Info.plist */ = {isa = PBXFileReference; lastKnownFileType = text.plist.xml; path = Info.plist; sourceTree = "<group>"; };
		047BC67323CDD1A600D99B1D /* main.m */ = {isa = PBXFileReference; lastKnownFileType = sourcecode.c.objc; path = main.m; sourceTree = "<group>"; };
		047BC67A23CDD2F500D99B1D /* SPermenantThread.h */ = {isa = PBXFileReference; lastKnownFileType = sourcecode.c.h; path = SPermenantThread.h; sourceTree = "<group>"; };
		047BC67B23CDD2F500D99B1D /* SPermenantThread.m */ = {isa = PBXFileReference; lastKnownFileType = sourcecode.c.objc; path = SPermenantThread.m; sourceTree = "<group>"; };
/* End PBXFileReference section */

/* Begin PBXFrameworksBuildPhase section */
		047BC65B23CDD1A500D99B1D /* Frameworks */ = {
			isa = PBXFrameworksBuildPhase;
			buildActionMask = 2147483647;
			files = (
			);
			runOnlyForDeploymentPostprocessing = 0;
		};
/* End PBXFrameworksBuildPhase section */

/* Begin PBXGroup section */
		047BC65523CDD1A500D99B1D = {
			isa = PBXGroup;
			children = (
				047BC66023CDD1A500D99B1D /* PermenantThread-C */,
				047BC65F23CDD1A500D99B1D /* Products */,
			);
			sourceTree = "<group>";
		};
		047BC65F23CDD1A500D99B1D /* Products */ = {
			isa = PBXGroup;
			children = (
				047BC65E23CDD1A500D99B1D /* PermenantThread-C.app */,
			);
			name = Products;
			sourceTree = "<group>";
		};
		047BC66023CDD1A500D99B1D /* PermenantThread-C */ = {
			isa = PBXGroup;
			children = (
				047BC66123CDD1A500D99B1D /* AppDelegate.h */,
				047BC66223CDD1A500D99B1D /* AppDelegate.m */,
				047BC66423CDD1A500D99B1D /* SceneDelegate.h */,
				047BC66523CDD1A500D99B1D /* SceneDelegate.m */,
				047BC66723CDD1A500D99B1D /* ViewController.h */,
				047BC66823CDD1A500D99B1D /* ViewController.m */,
				047BC67A23CDD2F500D99B1D /* SPermenantThread.h */,
				047BC67B23CDD2F500D99B1D /* SPermenantThread.m */,
				047BC66A23CDD1A500D99B1D /* Main.storyboard */,
				047BC66D23CDD1A600D99B1D /* Assets.xcassets */,
				047BC66F23CDD1A600D99B1D /* LaunchScreen.storyboard */,
				047BC67223CDD1A600D99B1D /* Info.plist */,
				047BC67323CDD1A600D99B1D /* main.m */,
			);
			path = "PermenantThread-C";
			sourceTree = "<group>";
		};
/* End PBXGroup section */

/* Begin PBXNativeTarget section */
		047BC65D23CDD1A500D99B1D /* PermenantThread-C */ = {
			isa = PBXNativeTarget;
			buildConfigurationList = 047BC67723CDD1A600D99B1D /* Build configuration list for PBXNativeTarget "PermenantThread-C" */;
			buildPhases = (
				047BC65A23CDD1A500D99B1D /* Sources */,
				047BC65B23CDD1A500D99B1D /* Frameworks */,
				047BC65C23CDD1A500D99B1D /* Resources */,
			);
			buildRules = (
			);
			dependencies = (
			);
			name = "PermenantThread-C";
			productName = "PermenantThread-C";
			productReference = 047BC65E23CDD1A500D99B1D /* PermenantThread-C.app */;
			productType = "com.apple.product-type.application";
		};
/* End PBXNativeTarget section */

/* Begin PBXProject section */
		047BC65623CDD1A500D99B1D /* Project object */ = {
			isa = PBXProject;
			attributes = {
				LastUpgradeCheck = 1130;
				ORGANIZATIONNAME = sun;
				TargetAttributes = {
					047BC65D23CDD1A500D99B1D = {
						CreatedOnToolsVersion = 11.3;
					};
				};
			};
			buildConfigurationList = 047BC65923CDD1A500D99B1D /* Build configuration list for PBXProject "PermenantThread-C" */;
			compatibilityVersion = "Xcode 9.3";
			developmentRegion = en;
			hasScannedForEncodings = 0;
			knownRegions = (
				en,
				Base,
			);
			mainGroup = 047BC65523CDD1A500D99B1D;
			productRefGroup = 047BC65F23CDD1A500D99B1D /* Products */;
			projectDirPath = "";
			projectRoot = "";
			targets = (
				047BC65D23CDD1A500D99B1D /* PermenantThread-C */,
			);
		};
/* End PBXProject section */

/* Begin PBXResourcesBuildPhase section */
		047BC65C23CDD1A500D99B1D /* Resources */ = {
			isa = PBXResourcesBuildPhase;
			buildActionMask = 2147483647;
			files = (
				047BC67123CDD1A600D99B1D /* LaunchScreen.storyboard in Resources */,
				047BC66E23CDD1A600D99B1D /* Assets.xcassets in Resources */,
				047BC66C23CDD1A500D99B1D /* Main.storyboard in Resources */,
			);
			runOnlyForDeploymentPostprocessing = 0;
		};
/* End PBXResourcesBuildPhase section */

/* Begin PBXSourcesBuildPhase section */
		047BC65A23CDD1A500D99B1D /* Sources */ = {
			isa = PBXSourcesBuildPhase;
			buildActionMask = 2147483647;
			files = (
				047BC66923CDD1A500D99B1D /* ViewController.m in Sources */,
				047BC67C23CDD2F500D99B1D /* SPermenantThread.m in Sources */,
				047BC66323CDD1A500D99B1D /* AppDelegate.m in Sources */,
				047BC67423CDD1A600D99B1D /* main.m in Sources */,
				047BC66623CDD1A500D99B1D /* SceneDelegate.m in Sources */,
			);
			runOnlyForDeploymentPostprocessing = 0;
		};
/* End PBXSourcesBuildPhase section */

/* Begin PBXVariantGroup section */
		047BC66A23CDD1A500D99B1D /* Main.storyboard */ = {
			isa = PBXVariantGroup;
			children = (
				047BC66B23CDD1A500D99B1D /* Base */,
			);
			name = Main.storyboard;
			sourceTree = "<group>";
		};
		047BC66F23CDD1A600D99B1D /* LaunchScreen.storyboard */ = {
			isa = PBXVariantGroup;
			children = (
				047BC67023CDD1A600D99B1D /* Base */,
			);
			name = LaunchScreen.storyboard;
			sourceTree = "<group>";
		};
/* End PBXVariantGroup section */

/* Begin XCBuildConfiguration section */
		047BC67523CDD1A600D99B1D /* Debug */ = {
			isa = XCBuildConfiguration;
			buildSettings = {
				ALWAYS_SEARCH_USER_PATHS = NO;
				CLANG_ANALYZER_NONNULL = YES;
				CLANG_ANALYZER_NUMBER_OBJECT_CONVERSION = YES_AGGRESSIVE;
				CLANG_CXX_LANGUAGE_STANDARD = "gnu++14";
				CLANG_CXX_LIBRARY = "libc++";
				CLANG_ENABLE_MODULES = YES;
				CLANG_ENABLE_OBJC_ARC = YES;
				CLANG_ENABLE_OBJC_WEAK = YES;
				CLANG_WARN_BLOCK_CAPTURE_AUTORELEASING = YES;
				CLANG_WARN_BOOL_CONVERSION = YES;
				CLANG_WARN_COMMA = YES;
				CLANG_WARN_CONSTANT_CONVERSION = YES;
				CLANG_WARN_DEPRECATED_OBJC_IMPLEMENTATIONS = YES;
				CLANG_WARN_DIRECT_OBJC_ISA_USAGE = YES_ERROR;
				CLANG_WARN_DOCUMENTATION_COMMENTS = YES;
				CLANG_WARN_EMPTY_BODY = YES;
				CLANG_WARN_ENUM_CONVERSION = YES;
				CLANG_WARN_INFINITE_RECURSION = YES;
				CLANG_WARN_INT_CONVERSION = YES;
				CLANG_WARN_NON_LITERAL_NULL_CONVERSION = YES;
				CLANG_WARN_OBJC_IMPLICIT_RETAIN_SELF = YES;
				CLANG_WARN_OBJC_LITERAL_CONVERSION = YES;
				CLANG_WARN_OBJC_ROOT_CLASS = YES_ERROR;
				CLANG_WARN_RANGE_LOOP_ANALYSIS = YES;
				CLANG_WARN_STRICT_PROTOTYPES = YES;
				CLANG_WARN_SUSPICIOUS_MOVE = YES;
				CLANG_WARN_UNGUARDED_AVAILABILITY = YES_AGGRESSIVE;
				CLANG_WARN_UNREACHABLE_CODE = YES;
				CLANG_WARN__DUPLICATE_METHOD_MATCH = YES;
				COPY_PHASE_STRIP = NO;
				DEBUG_INFORMATION_FORMAT = dwarf;
				ENABLE_STRICT_OBJC_MSGSEND = YES;
				ENABLE_TESTABILITY = YES;
				GCC_C_LANGUAGE_STANDARD = gnu11;
				GCC_DYNAMIC_NO_PIC = NO;
				GCC_NO_COMMON_BLOCKS = YES;
				GCC_OPTIMIZATION_LEVEL = 0;
				GCC_PREPROCESSOR_DEFINITIONS = (
					"DEBUG=1",
					"$(inherited)",
				);
				GCC_WARN_64_TO_32_BIT_CONVERSION = YES;
				GCC_WARN_ABOUT_RETURN_TYPE = YES_ERROR;
				GCC_WARN_UNDECLARED_SELECTOR = YES;
				GCC_WARN_UNINITIALIZED_AUTOS = YES_AGGRESSIVE;
				GCC_WARN_UNUSED_FUNCTION = YES;
				GCC_WARN_UNUSED_VARIABLE = YES;
				IPHONEOS_DEPLOYMENT_TARGET = 13.2;
				MTL_ENABLE_DEBUG_INFO = INCLUDE_SOURCE;
				MTL_FAST_MATH = YES;
				ONLY_ACTIVE_ARCH = YES;
				SDKROOT = iphoneos;
			};
			name = Debug;
		};
		047BC67623CDD1A600D99B1D /* Release */ = {
			isa = XCBuildConfiguration;
			buildSettings = {
				ALWAYS_SEARCH_USER_PATHS = NO;
				CLANG_ANALYZER_NONNULL = YES;
				CLANG_ANALYZER_NUMBER_OBJECT_CONVERSION = YES_AGGRESSIVE;
				CLANG_CXX_LANGUAGE_STANDARD = "gnu++14";
				CLANG_CXX_LIBRARY = "libc++";
				CLANG_ENABLE_MODULES = YES;
				CLANG_ENABLE_OBJC_ARC = YES;
				CLANG_ENABLE_OBJC_WEAK = YES;
				CLANG_WARN_BLOCK_CAPTURE_AUTORELEASING = YES;
				CLANG_WARN_BOOL_CONVERSION = YES;
				CLANG_WARN_COMMA = YES;
				CLANG_WARN_CONSTANT_CONVERSION = YES;
				CLANG_WARN_DEPRECATED_OBJC_IMPLEMENTATIONS = YES;
				CLANG_WARN_DIRECT_OBJC_ISA_USAGE = YES_ERROR;
				CLANG_WARN_DOCUMENTATION_COMMENTS = YES;
				CLANG_WARN_EMPTY_BODY = YES;
				CLANG_WARN_ENUM_CONVERSION = YES;
				CLANG_WARN_INFINITE_RECURSION = YES;
				CLANG_WARN_INT_CONVERSION = YES;
				CLANG_WARN_NON_LITERAL_NULL_CONVERSION = YES;
				CLANG_WARN_OBJC_IMPLICIT_RETAIN_SELF = YES;
				CLANG_WARN_OBJC_LITERAL_CONVERSION = YES;
				CLANG_WARN_OBJC_ROOT_CLASS = YES_ERROR;
				CLANG_WARN_RANGE_LOOP_ANALYSIS = YES;
				CLANG_WARN_STRICT_PROTOTYPES = YES;
				CLANG_WARN_SUSPICIOUS_MOVE = YES;
				CLANG_WARN_UNGUARDED_AVAILABILITY = YES_AGGRESSIVE;
				CLANG_WARN_UNREACHABLE_CODE = YES;
				CLANG_WARN__DUPLICATE_METHOD_MATCH = YES;
				COPY_PHASE_STRIP = NO;
				DEBUG_INFORMATION_FORMAT = "dwarf-with-dsym";
				ENABLE_NS_ASSERTIONS = NO;
				ENABLE_STRICT_OBJC_MSGSEND = YES;
				GCC_C_LANGUAGE_STANDARD = gnu11;
				GCC_NO_COMMON_BLOCKS = YES;
				GCC_WARN_64_TO_32_BIT_CONVERSION = YES;
				GCC_WARN_ABOUT_RETURN_TYPE = YES_ERROR;
				GCC_WARN_UNDECLARED_SELECTOR = YES;
				GCC_WARN_UNINITIALIZED_AUTOS = YES_AGGRESSIVE;
				GCC_WARN_UNUSED_FUNCTION = YES;
				GCC_WARN_UNUSED_VARIABLE = YES;
				IPHONEOS_DEPLOYMENT_TARGET = 13.2;
				MTL_ENABLE_DEBUG_INFO = NO;
				MTL_FAST_MATH = YES;
				SDKROOT = iphoneos;
				VALIDATE_PRODUCT = YES;
			};
			name = Release;
		};
		047BC67823CDD1A600D99B1D /* Debug */ = {
			isa = XCBuildConfiguration;
			buildSettings = {
				ASSETCATALOG_COMPILER_APPICON_NAME = AppIcon;
				CODE_SIGN_STYLE = Automatic;
				INFOPLIST_FILE = "PermenantThread-C/Info.plist";
				LD_RUNPATH_SEARCH_PATHS = (
					"$(inherited)",
					"@executable_path/Frameworks",
				);
				PRODUCT_BUNDLE_IDENTIFIER = "com.sun.PermenantThread-C";
				PRODUCT_NAME = "$(TARGET_NAME)";
				TARGETED_DEVICE_FAMILY = "1,2";
			};
			name = Debug;
		};
		047BC67923CDD1A600D99B1D /* Release */ = {
			isa = XCBuildConfiguration;
			buildSettings = {
				ASSETCATALOG_COMPILER_APPICON_NAME = AppIcon;
				CODE_SIGN_STYLE = Automatic;
				INFOPLIST_FILE = "PermenantThread-C/Info.plist";
				LD_RUNPATH_SEARCH_PATHS = (
					"$(inherited)",
					"@executable_path/Frameworks",
				);
				PRODUCT_BUNDLE_IDENTIFIER = "com.sun.PermenantThread-C";
				PRODUCT_NAME = "$(TARGET_NAME)";
				TARGETED_DEVICE_FAMILY = "1,2";
			};
			name = Release;
		};
/* End XCBuildConfiguration section */

/* Begin XCConfigurationList section */
		047BC65923CDD1A500D99B1D /* Build configuration list for PBXProject "PermenantThread-C" */ = {
			isa = XCConfigurationList;
			buildConfigurations = (
				047BC67523CDD1A600D99B1D /* Debug */,
				047BC67623CDD1A600D99B1D /* Release */,
			);
			defaultConfigurationIsVisible = 0;
			defaultConfigurationName = Release;
		};
		047BC67723CDD1A600D99B1D /* Build configuration list for PBXNativeTarget "PermenantThread-C" */ = {
			isa = XCConfigurationList;
			buildConfigurations = (
				047BC67823CDD1A600D99B1D /* Debug */,
				047BC67923CDD1A600D99B1D /* Release */,
			);
			defaultConfigurationIsVisible = 0;
			defaultConfigurationName = Release;
		};
/* End XCConfigurationList section */
	};
	rootObject = 047BC65623CDD1A500D99B1D /* Project object */;
}
